{
  "version": 4,
  "terraform_version": "0.12.24",
  "serial": 250,
  "lineage": "a886b789-511b-e958-7b19-2b1f2febccc8",
  "outputs": {
    "parallel_connection_string": {
      "value": [
        null
      ],
      "type": [
        "tuple",
        [
          "dynamic"
        ]
      ]
    },
    "paulopierrondiWebserver1_PublicIP": {
      "value": [
        null
      ],
      "type": [
        "tuple",
        [
          "string"
        ]
      ]
    },
    "paulopierrondi_ATP_database_admin_password": {
      "value": "BEstrO0ng_#11",
      "type": "string"
    },
    "paulopierrondi_ATP_databases": {
      "value": [],
      "type": [
        "list",
        [
          "object",
          {
            "admin_password": "string",
            "autonomous_container_database_id": "string",
            "autonomous_database_backup_id": "string",
            "autonomous_database_id": "string",
            "available_upgrade_versions": [
              "list",
              "string"
            ],
            "clone_type": "string",
            "compartment_id": "string",
            "connection_strings": [
              "list",
              [
                "object",
                {
                  "all_connection_strings": [
                    "map",
                    "string"
                  ],
                  "dedicated": "string",
                  "high": "string",
                  "low": "string",
                  "medium": "string"
                }
              ]
            ],
            "connection_urls": [
              "list",
              [
                "object",
                {
                  "apex_url": "string",
                  "machine_learning_user_management_url": "string",
                  "sql_dev_web_url": "string"
                }
              ]
            ],
            "cpu_core_count": "number",
            "data_safe_status": "string",
            "data_storage_size_in_tbs": "number",
            "db_name": "string",
            "db_version": "string",
            "db_workload": "string",
            "defined_tags": [
              "map",
              "string"
            ],
            "display_name": "string",
            "freeform_tags": [
              "map",
              "string"
            ],
            "id": "string",
            "is_auto_scaling_enabled": "bool",
            "is_dedicated": "bool",
            "is_free_tier": "bool",
            "is_preview": "bool",
            "is_preview_version_with_service_terms_accepted": "bool",
            "license_model": "string",
            "lifecycle_details": "string",
            "nsg_ids": [
              "list",
              "string"
            ],
            "private_endpoint": "string",
            "private_endpoint_label": "string",
            "service_console_url": "string",
            "source": "string",
            "source_id": "string",
            "state": "string",
            "subnet_id": "string",
            "system_tags": [
              "map",
              "string"
            ],
            "time_created": "string",
            "time_deletion_of_free_autonomous_database": "string",
            "time_maintenance_begin": "string",
            "time_maintenance_end": "string",
            "time_reclamation_of_free_autonomous_database": "string",
            "timestamp": "string",
            "used_data_storage_size_in_tbs": "number",
            "whitelisted_ips": [
              "list",
              "string"
            ]
          }
        ]
      ]
    },
    "wallet_password": {
      "value": [
        "t\u003c[N+oq01C_tW+S+"
      ],
      "type": [
        "tuple",
        [
          "string"
        ]
      ]
    }
  },
  "resources": [
    {
      "mode": "data",
      "type": "oci_core_images",
      "name": "OSImageLocal",
      "provider": "provider.oci",
      "instances": [
        {
          "schema_version": 0,
          "attributes": {
            "compartment_id": "ocid1.compartment.oc1..aaaaaaaaywbfhbbnfgyf47pq4uikio5qhqqpxxw4c34l2wpjfiiligm5jrna",
            "display_name": "Oracle-Linux-7.7-2020.02.21-0",
            "filter": null,
            "id": "2020-05-15 15:03:23.07907 +0000 UTC",
            "images": [
              {
                "agent_features": [],
                "base_image_id": "",
                "compartment_id": "",
                "create_image_allowed": true,
                "defined_tags": {
                  "engineer.creator": "teamcityimagegen"
                },
                "display_name": "Oracle-Linux-7.7-2020.02.21-0",
                "freeform_tags": {},
                "id": "ocid1.image.oc1.uk-london-1.aaaaaaaa2uwbd457cd2gtviihmxw7cqfmqcug4ahdg7ivgyzla25pgrn6soa",
                "image_source_details": [],
                "instance_id": "",
                "launch_mode": "NATIVE",
                "launch_options": [
                  {
                    "boot_volume_type": "PARAVIRTUALIZED",
                    "firmware": "UEFI_64",
                    "is_consistent_volume_naming_enabled": true,
                    "is_pv_encryption_in_transit_enabled": true,
                    "network_type": "PARAVIRTUALIZED",
                    "remote_data_volume_type": "PARAVIRTUALIZED"
                  }
                ],
                "operating_system": "Oracle Linux",
                "operating_system_version": "7.7",
                "size_in_mbs": "47694",
                "state": "AVAILABLE",
                "time_created": "2020-02-22 02:01:17.677 +0000 UTC"
              }
            ],
            "operating_system": null,
            "operating_system_version": null,
            "shape": null,
            "sort_by": null,
            "sort_order": null,
            "state": null
          }
        }
      ]
    },
    {
      "mode": "data",
      "type": "oci_core_vnic",
      "name": "paulopierrondiWebserver1_VNIC1",
      "provider": "provider.oci",
      "instances": []
    },
    {
      "mode": "data",
      "type": "oci_core_vnic_attachments",
      "name": "paulopierrondiWebserver1_VNIC1_attach",
      "provider": "provider.oci",
      "instances": []
    },
    {
      "mode": "data",
      "type": "oci_database_autonomous_database_wallet",
      "name": "paulopierrondi_ATP_database_wallet",
      "provider": "provider.oci",
      "instances": []
    },
    {
      "mode": "data",
      "type": "oci_database_autonomous_databases",
      "name": "paulopierrondiATPdatabases",
      "provider": "provider.oci",
      "instances": [
        {
          "schema_version": 0,
          "attributes": {
            "autonomous_container_database_id": null,
            "autonomous_databases": [],
            "compartment_id": "ocid1.compartment.oc1..aaaaaaaaywbfhbbnfgyf47pq4uikio5qhqqpxxw4c34l2wpjfiiligm5jrna",
            "db_version": null,
            "db_workload": null,
            "display_name": "paulopierrondiATP",
            "filter": null,
            "id": "2020-05-15 15:03:23.539901 +0000 UTC",
            "is_free_tier": null,
            "state": null
          }
        }
      ]
    },
    {
      "mode": "data",
      "type": "oci_identity_availability_domains",
      "name": "ADs",
      "provider": "provider.oci",
      "instances": [
        {
          "schema_version": 0,
          "attributes": {
            "availability_domains": [
              {
                "compartment_id": "ocid1.tenancy.oc1..aaaaaaaadeoj3n5gq7dn7wt32cc4l6mzdopbhfumluhbp5haw4smiepeld7q",
                "id": "ocid1.availabilitydomain.oc1..aaaaaaaapjv4p3qtly2fesrig77q4tlmi3wvakeet6fskc7do2fmawz3xctq",
                "name": "TTAN:UK-LONDON-1-AD-1"
              },
              {
                "compartment_id": "ocid1.tenancy.oc1..aaaaaaaadeoj3n5gq7dn7wt32cc4l6mzdopbhfumluhbp5haw4smiepeld7q",
                "id": "ocid1.availabilitydomain.oc1..aaaaaaaaw2i3i53quioaywmhx56ss5plwk7bmmeg2266lo7inilhbizeroua",
                "name": "TTAN:UK-LONDON-1-AD-2"
              },
              {
                "compartment_id": "ocid1.tenancy.oc1..aaaaaaaadeoj3n5gq7dn7wt32cc4l6mzdopbhfumluhbp5haw4smiepeld7q",
                "id": "ocid1.availabilitydomain.oc1..aaaaaaaac6kgqnl5eberztbdm2ufhpxohk7cuelajmafpqa3m6rpri4tc2yq",
                "name": "TTAN:UK-LONDON-1-AD-3"
              }
            ],
            "compartment_id": "ocid1.tenancy.oc1..aaaaaaaadeoj3n5gq7dn7wt32cc4l6mzdopbhfumluhbp5haw4smiepeld7q",
            "filter": null,
            "id": "2020-05-15 15:03:23.147348 +0000 UTC"
          }
        }
      ]
    },
    {
      "mode": "managed",
      "type": "local_file",
      "name": "paulopierrondi_ATP_database_wallet_file",
      "provider": "provider.local",
      "instances": []
    },
    {
      "mode": "managed",
      "type": "null_resource",
      "name": "paulopierrondiWebserver1_ConfigMgmt",
      "provider": "provider.null",
      "instances": []
    },
    {
      "mode": "managed",
      "type": "null_resource",
      "name": "paulopierrondiWebserver1_Flask_WebServer_and_access_ATP",
      "provider": "provider.null",
      "instances": []
    },
    {
      "mode": "managed",
      "type": "oci_core_dhcp_options",
      "name": "paulopierrondiDhcpOptions1",
      "provider": "provider.oci",
      "instances": []
    },
    {
      "mode": "managed",
      "type": "oci_core_instance",
      "name": "paulopierrondiWebserver1",
      "provider": "provider.oci",
      "instances": []
    },
    {
      "mode": "managed",
      "type": "oci_core_internet_gateway",
      "name": "paulopierrondiInternetGateway",
      "provider": "provider.oci",
      "instances": []
    },
    {
      "mode": "managed",
      "type": "oci_core_nat_gateway",
      "name": "paulopierrondiNATGateway",
      "provider": "provider.oci",
      "instances": []
    },
    {
      "mode": "managed",
      "type": "oci_core_network_security_group",
      "name": "paulopierrondiATPSecurityGroup",
      "provider": "provider.oci",
      "instances": []
    },
    {
      "mode": "managed",
      "type": "oci_core_network_security_group",
      "name": "paulopierrondiSSHSecurityGroup",
      "provider": "provider.oci",
      "instances": []
    },
    {
      "mode": "managed",
      "type": "oci_core_network_security_group",
      "name": "paulopierrondiWebSecurityGroup",
      "provider": "provider.oci",
      "instances": []
    },
    {
      "mode": "managed",
      "type": "oci_core_network_security_group_security_rule",
      "name": "paulopierrondiATPSecurityEgressGroupRule",
      "provider": "provider.oci",
      "instances": []
    },
    {
      "mode": "managed",
      "type": "oci_core_network_security_group_security_rule",
      "name": "paulopierrondiATPSecurityIngressGroupRules",
      "provider": "provider.oci",
      "instances": []
    },
    {
      "mode": "managed",
      "type": "oci_core_network_security_group_security_rule",
      "name": "paulopierrondiSSHSecurityEgressGroupRule",
      "provider": "provider.oci",
      "instances": []
    },
    {
      "mode": "managed",
      "type": "oci_core_network_security_group_security_rule",
      "name": "paulopierrondiSSHSecurityIngressGroupRules",
      "provider": "provider.oci",
      "instances": []
    },
    {
      "mode": "managed",
      "type": "oci_core_network_security_group_security_rule",
      "name": "paulopierrondiWebSecurityEgressATPGroupRule",
      "provider": "provider.oci",
      "instances": []
    },
    {
      "mode": "managed",
      "type": "oci_core_network_security_group_security_rule",
      "name": "paulopierrondiWebSecurityEgressInternetGroupRule",
      "provider": "provider.oci",
      "instances": []
    },
    {
      "mode": "managed",
      "type": "oci_core_network_security_group_security_rule",
      "name": "paulopierrondiWebSecurityIngressGroupRules",
      "each": "map",
      "provider": "provider.oci",
      "instances": []
    },
    {
      "mode": "managed",
      "type": "oci_core_route_table",
      "name": "paulopierrondiRouteTableViaIGW",
      "provider": "provider.oci",
      "instances": []
    },
    {
      "mode": "managed",
      "type": "oci_core_route_table",
      "name": "paulopierrondiRouteTableViaNAT",
      "provider": "provider.oci",
      "instances": []
    },
    {
      "mode": "managed",
      "type": "oci_core_subnet",
      "name": "paulopierrondiATPEndpointSubnet",
      "provider": "provider.oci",
      "instances": []
    },
    {
      "mode": "managed",
      "type": "oci_core_subnet",
      "name": "paulopierrondiWebSubnet",
      "provider": "provider.oci",
      "instances": []
    },
    {
      "mode": "managed",
      "type": "oci_database_autonomous_database",
      "name": "paulopierrondiATPdatabase",
      "provider": "provider.oci",
      "instances": []
    },
    {
      "mode": "managed",
      "type": "random_string",
      "name": "wallet_password",
      "provider": "provider.random",
      "instances": [
        {
          "schema_version": 1,
          "attributes": {
            "id": "t\u003c[N+oq01C_tW+S+",
            "keepers": null,
            "length": 16,
            "lower": true,
            "min_lower": 0,
            "min_numeric": 0,
            "min_special": 0,
            "min_upper": 0,
            "number": true,
            "override_special": null,
            "result": "t\u003c[N+oq01C_tW+S+",
            "special": true,
            "upper": true
          },
          "private": "eyJzY2hlbWFfdmVyc2lvbiI6IjEifQ=="
        }
      ]
    }
  ]
}
